
Microsoft Visual Studio Solution File, Format Version 12.00
# Visual Studio Version 16
VisualStudioVersion = 16.0.31019.35
MinimumVisualStudioVersion = 10.0.40219.1
Project("{9A19103F-16F7-4668-BE54-9A1E7A4F7556}") = "AOE2DEStats", "AOE2DEStats\AOE2DEStats.csproj", "{1304CCAD-286A-4C0C-825C-BFD52E218275}"
EndProject
Global
	GlobalSection(SolutionConfigurationPlatforms) = preSolution
		Debug|Any CPU = Debug|Any CPU
		Release|Any CPU = Release|Any CPU
	EndGlobalSection
	GlobalSection(ProjectConfigurationPlatforms) = postSolution
		{1304CCAD-286A-4C0C-825C-BFD52E218275}.Debug|Any CPU.ActiveCfg = Debug|Any CPU
		{1304CCAD-286A-4C0C-825C-BFD52E218275}.Debug|Any CPU.Build.0 = Debug|Any CPU
		{1304CCAD-286A-4C0C-825C-BFD52E218275}.Release|Any CPU.ActiveCfg = Release|Any CPU
		{1304CCAD-286A-4C0C-825C-BFD52E218275}.Release|Any CPU.Build.0 = Release|Any CPU
	EndGlobalSection
	GlobalSection(SolutionProperties) = preSolution
		HideSolutionNode = FALSE
	EndGlobalSection
	GlobalSection(ExtensibilityGlobals) = postSolution
		SolutionGuid = {A571EE62-BC5A-4143-9383-E4C2EF751B3C}
	EndGlobalSection
EndGlobal
